// !$*UTF8*$!
{
	archiveVersion = 1;
	classes = {
	};
	objectVersion = 46;
	objects = {

/* Begin PBXBuildFile section */
		683B0A811D06E71E0086C28B /* main.c in Sources */ = {isa = PBXBuildFile; fileRef = 683B0A801D06E71E0086C28B /* main.c */; };
/* End PBXBuildFile section */

/* Begin PBXCopyFilesBuildPhase section */
		683B0A7B1D06E71E0086C28B /* CopyFiles */ = {
			isa = PBXCopyFilesBuildPhase;
			buildActionMask = 2147483647;
			dstPath = /usr/share/man/man1/;
			dstSubfolderSpec = 0;
			files = (
			);
			runOnlyForDeploymentPostprocessing = 1;
		};
/* End PBXCopyFilesBuildPhase section */

/* Begin PBXFileReference section */
		683B0A7D1D06E71E0086C28B /* 动态规划算法解最长公共子序列LCS问题 */ = {isa = PBXFileReference; explicitFileType = "compiled.mach-o.executable"; includeInIndex = 0; path = "动态规划算法解最长公共子序列LCS问题"; sourceTree = BUILT_PRODUCTS_DIR; };
		683B0A801D06E71E0086C28B /* main.c */ = {isa = PBXFileReference; lastKnownFileType = sourcecode.c.c; path = main.c; sourceTree = "<group>"; };
/* End PBXFileReference section */

/* Begin PBXFrameworksBuildPhase section */
		683B0A7A1D06E71E0086C28B /* Frameworks */ = {
			isa = PBXFrameworksBuildPhase;
			buildActionMask = 2147483647;
			files = (
			);
			runOnlyForDeploymentPostprocessing = 0;
		};
/* End PBXFrameworksBuildPhase section */

/* Begin PBXGroup section */
		683B0A741D06E71E0086C28B = {
			isa = PBXGroup;
			children = (
				683B0A7F1D06E71E0086C28B /* 动态规划算法解最长公共子序列LCS问题 */,
				683B0A7E1D06E71E0086C28B /* Products */,
			);
			sourceTree = "<group>";
		};
		683B0A7E1D06E71E0086C28B /* Products */ = {
			isa = PBXGroup;
			children = (
				683B0A7D1D06E71E0086C28B /* 动态规划算法解最长公共子序列LCS问题 */,
			);
			name = Products;
			sourceTree = "<group>";
		};
		683B0A7F1D06E71E0086C28B /* 动态规划算法解最长公共子序列LCS问题 */ = {
			isa = PBXGroup;
			children = (
				683B0A801D06E71E0086C28B /* main.c */,
			);
			path = "动态规划算法解最长公共子序列LCS问题";
			sourceTree = "<group>";
		};
/* End PBXGroup section */

/* Begin PBXNativeTarget section */
		683B0A7C1D06E71E0086C28B /* 动态规划算法解最长公共子序列LCS问题 */ = {
			isa = PBXNativeTarget;
			buildConfigurationList = 683B0A841D06E71E0086C28B /* Build configuration list for PBXNativeTarget "动态规划算法解最长公共子序列LCS问题" */;
			buildPhases = (
				683B0A791D06E71E0086C28B /* Sources */,
				683B0A7A1D06E71E0086C28B /* Frameworks */,
				683B0A7B1D06E71E0086C28B /* CopyFiles */,
			);
			buildRules = (
			);
			dependencies = (
			);
			name = "动态规划算法解最长公共子序列LCS问题";
			productName = "动态规划算法解最长公共子序列LCS问题";
			productReference = 683B0A7D1D06E71E0086C28B /* 动态规划算法解最长公共子序列LCS问题 */;
			productType = "com.apple.product-type.tool";
		};
/* End PBXNativeTarget section */

/* Begin PBXProject section */
		683B0A751D06E71E0086C28B /* Project object */ = {
			isa = PBXProject;
			attributes = {
				LastUpgradeCheck = 0720;
				ORGANIZATIONNAME = haoyun;
				TargetAttributes = {
					683B0A7C1D06E71E0086C28B = {
						CreatedOnToolsVersion = 7.2;
					};
				};
			};
			buildConfigurationList = 683B0A781D06E71E0086C28B /* Build configuration list for PBXProject "动态规划算法解最长公共子序列LCS问题" */;
			compatibilityVersion = "Xcode 3.2";
			developmentRegion = English;
			hasScannedForEncodings = 0;
			knownRegions = (
				en,
			);
			mainGroup = 683B0A741D06E71E0086C28B;
			productRefGroup = 683B0A7E1D06E71E0086C28B /* Products */;
			projectDirPath = "";
			projectRoot = "";
			targets = (
				683B0A7C1D06E71E0086C28B /* 动态规划算法解最长公共子序列LCS问题 */,
			);
		};
/* End PBXProject section */

/* Begin PBXSourcesBuildPhase section */
		683B0A791D06E71E0086C28B /* Sources */ = {
			isa = PBXSourcesBuildPhase;
			buildActionMask = 2147483647;
			files = (
				683B0A811D06E71E0086C28B /* main.c in Sources */,
			);
			runOnlyForDeploymentPostprocessing = 0;
		};
/* End PBXSourcesBuildPhase section */

/* Begin XCBuildConfiguration section */
		683B0A821D06E71E0086C28B /* Debug */ = {
			isa = XCBuildConfiguration;
			buildSettings = {
				ALWAYS_SEARCH_USER_PATHS = NO;
				CLANG_CXX_LANGUAGE_STANDARD = "gnu++0x";
				CLANG_CXX_LIBRARY = "libc++";
				CLANG_ENABLE_MODULES = YES;
				CLANG_ENABLE_OBJC_ARC = YES;
				CLANG_WARN_BOOL_CONVERSION = YES;
				CLANG_WARN_CONSTANT_CONVERSION = YES;
				CLANG_WARN_DIRECT_OBJC_ISA_USAGE = YES_ERROR;
				CLANG_WARN_EMPTY_BODY = YES;
				CLANG_WARN_ENUM_CONVERSION = YES;
				CLANG_WARN_INT_CONVERSION = YES;
				CLANG_WARN_OBJC_ROOT_CLASS = YES_ERROR;
				CLANG_WARN_UNREACHABLE_CODE = YES;
				CLANG_WARN__DUPLICATE_METHOD_MATCH = YES;
				CODE_SIGN_IDENTITY = "-";
				COPY_PHASE_STRIP = NO;
				DEBUG_INFORMATION_FORMAT = dwarf;
				ENABLE_STRICT_OBJC_MSGSEND = YES;
				ENABLE_TESTABILITY = YES;
				GCC_C_LANGUAGE_STANDARD = gnu99;
				GCC_DYNAMIC_NO_PIC = NO;
				GCC_NO_COMMON_BLOCKS = YES;
				GCC_OPTIMIZATION_LEVEL = 0;
				GCC_PREPROCESSOR_DEFINITIONS = (
					"DEBUG=1",
					"$(inherited)",
				);
				GCC_WARN_64_TO_32_BIT_CONVERSION = YES;
				GCC_WARN_ABOUT_RETURN_TYPE = YES_ERROR;
				GCC_WARN_UNDECLARED_SELECTOR = YES;
				GCC_WARN_UNINITIALIZED_AUTOS = YES_AGGRESSIVE;
				GCC_WARN_UNUSED_FUNCTION = YES;
				GCC_WARN_UNUSED_VARIABLE = YES;
				MACOSX_DEPLOYMENT_TARGET = 10.10;
				MTL_ENABLE_DEBUG_INFO = YES;
				ONLY_ACTIVE_ARCH = YES;
				SDKROOT = macosx;
			};
			name = Debug;
		};
		683B0A831D06E71E0086C28B /* Release */ = {
			isa = XCBuildConfiguration;
			buildSettings = {
				ALWAYS_SEARCH_USER_PATHS = NO;
				CLANG_CXX_LANGUAGE_STANDARD = "gnu++0x";
				CLANG_CXX_LIBRARY = "libc++";
				CLANG_ENABLE_MODULES = YES;
				CLANG_ENABLE_OBJC_ARC = YES;
				CLANG_WARN_BOOL_CONVERSION = YES;
				CLANG_WARN_CONSTANT_CONVERSION = YES;
				CLANG_WARN_DIRECT_OBJC_ISA_USAGE = YES_ERROR;
				CLANG_WARN_EMPTY_BODY = YES;
				CLANG_WARN_ENUM_CONVERSION = YES;
				CLANG_WARN_INT_CONVERSION = YES;
				CLANG_WARN_OBJC_ROOT_CLASS = YES_ERROR;
				CLANG_WARN_UNREACHABLE_CODE = YES;
				CLANG_WARN__DUPLICATE_METHOD_MATCH = YES;
				CODE_SIGN_IDENTITY = "-";
				COPY_PHASE_STRIP = NO;
				DEBUG_INFORMATION_FORMAT = "dwarf-with-dsym";
				ENABLE_NS_ASSERTIONS = NO;
				ENABLE_STRICT_OBJC_MSGSEND = YES;
				GCC_C_LANGUAGE_STANDARD = gnu99;
				GCC_NO_COMMON_BLOCKS = YES;
				GCC_WARN_64_TO_32_BIT_CONVERSION = YES;
				GCC_WARN_ABOUT_RETURN_TYPE = YES_ERROR;
				GCC_WARN_UNDECLARED_SELECTOR = YES;
				GCC_WARN_UNINITIALIZED_AUTOS = YES_AGGRESSIVE;
				GCC_WARN_UNUSED_FUNCTION = YES;
				GCC_WARN_UNUSED_VARIABLE = YES;
				MACOSX_DEPLOYMENT_TARGET = 10.10;
				MTL_ENABLE_DEBUG_INFO = NO;
				SDKROOT = macosx;
			};
			name = Release;
		};
		683B0A851D06E71E0086C28B /* Debug */ = {
			isa = XCBuildConfiguration;
			buildSettings = {
				PRODUCT_NAME = "$(TARGET_NAME)";
			};
			name = Debug;
		};
		683B0A861D06E71E0086C28B /* Release */ = {
			isa = XCBuildConfiguration;
			buildSettings = {
				PRODUCT_NAME = "$(TARGET_NAME)";
			};
			name = Release;
		};
/* End XCBuildConfiguration section */

/* Begin XCConfigurationList section */
		683B0A781D06E71E0086C28B /* Build configuration list for PBXProject "动态规划算法解最长公共子序列LCS问题" */ = {
			isa = XCConfigurationList;
			buildConfigurations = (
				683B0A821D06E71E0086C28B /* Debug */,
				683B0A831D06E71E0086C28B /* Release */,
			);
			defaultConfigurationIsVisible = 0;
			defaultConfigurationName = Release;
		};
		683B0A841D06E71E0086C28B /* Build configuration list for PBXNativeTarget "动态规划算法解最长公共子序列LCS问题" */ = {
			isa = XCConfigurationList;
			buildConfigurations = (
				683B0A851D06E71E0086C28B /* Debug */,
				683B0A861D06E71E0086C28B /* Release */,
			);
			defaultConfigurationIsVisible = 0;
		};
/* End XCConfigurationList section */
	};
	rootObject = 683B0A751D06E71E0086C28B /* Project object */;
}
