// !$*UTF8*$!
{
	archiveVersion = 1;
	classes = {
	};
	objectVersion = 46;
	objects = {

/* Begin PBXBuildFile section */
		68DA84AA1D34E52E00AF0B85 /* main.c in Sources */ = {isa = PBXBuildFile; fileRef = 68DA84A91D34E52E00AF0B85 /* main.c */; };
/* End PBXBuildFile section */

/* Begin PBXCopyFilesBuildPhase section */
		68DA84A41D34E52E00AF0B85 /* CopyFiles */ = {
			isa = PBXCopyFilesBuildPhase;
			buildActionMask = 2147483647;
			dstPath = /usr/share/man/man1/;
			dstSubfolderSpec = 0;
			files = (
			);
			runOnlyForDeploymentPostprocessing = 1;
		};
/* End PBXCopyFilesBuildPhase section */

/* Begin PBXFileReference section */
		68DA84A61D34E52E00AF0B85 /* RemoveDuplicateLetters */ = {isa = PBXFileReference; explicitFileType = "compiled.mach-o.executable"; includeInIndex = 0; path = RemoveDuplicateLetters; sourceTree = BUILT_PRODUCTS_DIR; };
		68DA84A91D34E52E00AF0B85 /* main.c */ = {isa = PBXFileReference; lastKnownFileType = sourcecode.c.c; path = main.c; sourceTree = "<group>"; };
/* End PBXFileReference section */

/* Begin PBXFrameworksBuildPhase section */
		68DA84A31D34E52E00AF0B85 /* Frameworks */ = {
			isa = PBXFrameworksBuildPhase;
			buildActionMask = 2147483647;
			files = (
			);
			runOnlyForDeploymentPostprocessing = 0;
		};
/* End PBXFrameworksBuildPhase section */

/* Begin PBXGroup section */
		68DA849D1D34E52E00AF0B85 = {
			isa = PBXGroup;
			children = (
				68DA84A81D34E52E00AF0B85 /* RemoveDuplicateLetters */,
				68DA84A71D34E52E00AF0B85 /* Products */,
			);
			sourceTree = "<group>";
		};
		68DA84A71D34E52E00AF0B85 /* Products */ = {
			isa = PBXGroup;
			children = (
				68DA84A61D34E52E00AF0B85 /* RemoveDuplicateLetters */,
			);
			name = Products;
			sourceTree = "<group>";
		};
		68DA84A81D34E52E00AF0B85 /* RemoveDuplicateLetters */ = {
			isa = PBXGroup;
			children = (
				68DA84A91D34E52E00AF0B85 /* main.c */,
			);
			path = RemoveDuplicateLetters;
			sourceTree = "<group>";
		};
/* End PBXGroup section */

/* Begin PBXNativeTarget section */
		68DA84A51D34E52E00AF0B85 /* RemoveDuplicateLetters */ = {
			isa = PBXNativeTarget;
			buildConfigurationList = 68DA84AD1D34E52E00AF0B85 /* Build configuration list for PBXNativeTarget "RemoveDuplicateLetters" */;
			buildPhases = (
				68DA84A21D34E52E00AF0B85 /* Sources */,
				68DA84A31D34E52E00AF0B85 /* Frameworks */,
				68DA84A41D34E52E00AF0B85 /* CopyFiles */,
			);
			buildRules = (
			);
			dependencies = (
			);
			name = RemoveDuplicateLetters;
			productName = RemoveDuplicateLetters;
			productReference = 68DA84A61D34E52E00AF0B85 /* RemoveDuplicateLetters */;
			productType = "com.apple.product-type.tool";
		};
/* End PBXNativeTarget section */

/* Begin PBXProject section */
		68DA849E1D34E52E00AF0B85 /* Project object */ = {
			isa = PBXProject;
			attributes = {
				LastUpgradeCheck = 0720;
				ORGANIZATIONNAME = haoyun;
				TargetAttributes = {
					68DA84A51D34E52E00AF0B85 = {
						CreatedOnToolsVersion = 7.2;
					};
				};
			};
			buildConfigurationList = 68DA84A11D34E52E00AF0B85 /* Build configuration list for PBXProject "RemoveDuplicateLetters" */;
			compatibilityVersion = "Xcode 3.2";
			developmentRegion = English;
			hasScannedForEncodings = 0;
			knownRegions = (
				en,
			);
			mainGroup = 68DA849D1D34E52E00AF0B85;
			productRefGroup = 68DA84A71D34E52E00AF0B85 /* Products */;
			projectDirPath = "";
			projectRoot = "";
			targets = (
				68DA84A51D34E52E00AF0B85 /* RemoveDuplicateLetters */,
			);
		};
/* End PBXProject section */

/* Begin PBXSourcesBuildPhase section */
		68DA84A21D34E52E00AF0B85 /* Sources */ = {
			isa = PBXSourcesBuildPhase;
			buildActionMask = 2147483647;
			files = (
				68DA84AA1D34E52E00AF0B85 /* main.c in Sources */,
			);
			runOnlyForDeploymentPostprocessing = 0;
		};
/* End PBXSourcesBuildPhase section */

/* Begin XCBuildConfiguration section */
		68DA84AB1D34E52E00AF0B85 /* Debug */ = {
			isa = XCBuildConfiguration;
			buildSettings = {
				ALWAYS_SEARCH_USER_PATHS = NO;
				CLANG_CXX_LANGUAGE_STANDARD = "gnu++0x";
				CLANG_CXX_LIBRARY = "libc++";
				CLANG_ENABLE_MODULES = YES;
				CLANG_ENABLE_OBJC_ARC = YES;
				CLANG_WARN_BOOL_CONVERSION = YES;
				CLANG_WARN_CONSTANT_CONVERSION = YES;
				CLANG_WARN_DIRECT_OBJC_ISA_USAGE = YES_ERROR;
				CLANG_WARN_EMPTY_BODY = YES;
				CLANG_WARN_ENUM_CONVERSION = YES;
				CLANG_WARN_INT_CONVERSION = YES;
				CLANG_WARN_OBJC_ROOT_CLASS = YES_ERROR;
				CLANG_WARN_UNREACHABLE_CODE = YES;
				CLANG_WARN__DUPLICATE_METHOD_MATCH = YES;
				CODE_SIGN_IDENTITY = "-";
				COPY_PHASE_STRIP = NO;
				DEBUG_INFORMATION_FORMAT = dwarf;
				ENABLE_STRICT_OBJC_MSGSEND = YES;
				ENABLE_TESTABILITY = YES;
				GCC_C_LANGUAGE_STANDARD = gnu99;
				GCC_DYNAMIC_NO_PIC = NO;
				GCC_NO_COMMON_BLOCKS = YES;
				GCC_OPTIMIZATION_LEVEL = 0;
				GCC_PREPROCESSOR_DEFINITIONS = (
					"DEBUG=1",
					"$(inherited)",
				);
				GCC_WARN_64_TO_32_BIT_CONVERSION = YES;
				GCC_WARN_ABOUT_RETURN_TYPE = YES_ERROR;
				GCC_WARN_UNDECLARED_SELECTOR = YES;
				GCC_WARN_UNINITIALIZED_AUTOS = YES_AGGRESSIVE;
				GCC_WARN_UNUSED_FUNCTION = YES;
				GCC_WARN_UNUSED_VARIABLE = YES;
				MACOSX_DEPLOYMENT_TARGET = 10.10;
				MTL_ENABLE_DEBUG_INFO = YES;
				ONLY_ACTIVE_ARCH = YES;
				SDKROOT = macosx;
			};
			name = Debug;
		};
		68DA84AC1D34E52E00AF0B85 /* Release */ = {
			isa = XCBuildConfiguration;
			buildSettings = {
				ALWAYS_SEARCH_USER_PATHS = NO;
				CLANG_CXX_LANGUAGE_STANDARD = "gnu++0x";
				CLANG_CXX_LIBRARY = "libc++";
				CLANG_ENABLE_MODULES = YES;
				CLANG_ENABLE_OBJC_ARC = YES;
				CLANG_WARN_BOOL_CONVERSION = YES;
				CLANG_WARN_CONSTANT_CONVERSION = YES;
				CLANG_WARN_DIRECT_OBJC_ISA_USAGE = YES_ERROR;
				CLANG_WARN_EMPTY_BODY = YES;
				CLANG_WARN_ENUM_CONVERSION = YES;
				CLANG_WARN_INT_CONVERSION = YES;
				CLANG_WARN_OBJC_ROOT_CLASS = YES_ERROR;
				CLANG_WARN_UNREACHABLE_CODE = YES;
				CLANG_WARN__DUPLICATE_METHOD_MATCH = YES;
				CODE_SIGN_IDENTITY = "-";
				COPY_PHASE_STRIP = NO;
				DEBUG_INFORMATION_FORMAT = "dwarf-with-dsym";
				ENABLE_NS_ASSERTIONS = NO;
				ENABLE_STRICT_OBJC_MSGSEND = YES;
				GCC_C_LANGUAGE_STANDARD = gnu99;
				GCC_NO_COMMON_BLOCKS = YES;
				GCC_WARN_64_TO_32_BIT_CONVERSION = YES;
				GCC_WARN_ABOUT_RETURN_TYPE = YES_ERROR;
				GCC_WARN_UNDECLARED_SELECTOR = YES;
				GCC_WARN_UNINITIALIZED_AUTOS = YES_AGGRESSIVE;
				GCC_WARN_UNUSED_FUNCTION = YES;
				GCC_WARN_UNUSED_VARIABLE = YES;
				MACOSX_DEPLOYMENT_TARGET = 10.10;
				MTL_ENABLE_DEBUG_INFO = NO;
				SDKROOT = macosx;
			};
			name = Release;
		};
		68DA84AE1D34E52E00AF0B85 /* Debug */ = {
			isa = XCBuildConfiguration;
			buildSettings = {
				PRODUCT_NAME = "$(TARGET_NAME)";
			};
			name = Debug;
		};
		68DA84AF1D34E52E00AF0B85 /* Release */ = {
			isa = XCBuildConfiguration;
			buildSettings = {
				PRODUCT_NAME = "$(TARGET_NAME)";
			};
			name = Release;
		};
/* End XCBuildConfiguration section */

/* Begin XCConfigurationList section */
		68DA84A11D34E52E00AF0B85 /* Build configuration list for PBXProject "RemoveDuplicateLetters" */ = {
			isa = XCConfigurationList;
			buildConfigurations = (
				68DA84AB1D34E52E00AF0B85 /* Debug */,
				68DA84AC1D34E52E00AF0B85 /* Release */,
			);
			defaultConfigurationIsVisible = 0;
			defaultConfigurationName = Release;
		};
		68DA84AD1D34E52E00AF0B85 /* Build configuration list for PBXNativeTarget "RemoveDuplicateLetters" */ = {
			isa = XCConfigurationList;
			buildConfigurations = (
				68DA84AE1D34E52E00AF0B85 /* Debug */,
				68DA84AF1D34E52E00AF0B85 /* Release */,
			);
			defaultConfigurationIsVisible = 0;
		};
/* End XCConfigurationList section */
	};
	rootObject = 68DA849E1D34E52E00AF0B85 /* Project object */;
}
