// !$*UTF8*$!
{
	archiveVersion = 1;
	classes = {
	};
	objectVersion = 46;
	objects = {

/* Begin PBXBuildFile section */
		68E4A1621D0C38F700B27C3E /* main.c in Sources */ = {isa = PBXBuildFile; fileRef = 68E4A1611D0C38F700B27C3E /* main.c */; };
/* End PBXBuildFile section */

/* Begin PBXCopyFilesBuildPhase section */
		68E4A15C1D0C38F600B27C3E /* CopyFiles */ = {
			isa = PBXCopyFilesBuildPhase;
			buildActionMask = 2147483647;
			dstPath = /usr/share/man/man1/;
			dstSubfolderSpec = 0;
			files = (
			);
			runOnlyForDeploymentPostprocessing = 1;
		};
/* End PBXCopyFilesBuildPhase section */

/* Begin PBXFileReference section */
		68E4A15E1D0C38F600B27C3E /* 寻找满足条件的两个或多个数 */ = {isa = PBXFileReference; explicitFileType = "compiled.mach-o.executable"; includeInIndex = 0; path = "寻找满足条件的两个或多个数"; sourceTree = BUILT_PRODUCTS_DIR; };
		68E4A1611D0C38F700B27C3E /* main.c */ = {isa = PBXFileReference; lastKnownFileType = sourcecode.c.c; path = main.c; sourceTree = "<group>"; };
/* End PBXFileReference section */

/* Begin PBXFrameworksBuildPhase section */
		68E4A15B1D0C38F600B27C3E /* Frameworks */ = {
			isa = PBXFrameworksBuildPhase;
			buildActionMask = 2147483647;
			files = (
			);
			runOnlyForDeploymentPostprocessing = 0;
		};
/* End PBXFrameworksBuildPhase section */

/* Begin PBXGroup section */
		68E4A1551D0C38F600B27C3E = {
			isa = PBXGroup;
			children = (
				68E4A1601D0C38F700B27C3E /* 寻找满足条件的两个或多个数 */,
				68E4A15F1D0C38F600B27C3E /* Products */,
			);
			sourceTree = "<group>";
		};
		68E4A15F1D0C38F600B27C3E /* Products */ = {
			isa = PBXGroup;
			children = (
				68E4A15E1D0C38F600B27C3E /* 寻找满足条件的两个或多个数 */,
			);
			name = Products;
			sourceTree = "<group>";
		};
		68E4A1601D0C38F700B27C3E /* 寻找满足条件的两个或多个数 */ = {
			isa = PBXGroup;
			children = (
				68E4A1611D0C38F700B27C3E /* main.c */,
			);
			path = "寻找满足条件的两个或多个数";
			sourceTree = "<group>";
		};
/* End PBXGroup section */

/* Begin PBXNativeTarget section */
		68E4A15D1D0C38F600B27C3E /* 寻找满足条件的两个或多个数 */ = {
			isa = PBXNativeTarget;
			buildConfigurationList = 68E4A1651D0C38F700B27C3E /* Build configuration list for PBXNativeTarget "寻找满足条件的两个或多个数" */;
			buildPhases = (
				68E4A15A1D0C38F600B27C3E /* Sources */,
				68E4A15B1D0C38F600B27C3E /* Frameworks */,
				68E4A15C1D0C38F600B27C3E /* CopyFiles */,
			);
			buildRules = (
			);
			dependencies = (
			);
			name = "寻找满足条件的两个或多个数";
			productName = "寻找满足条件的两个或多个数";
			productReference = 68E4A15E1D0C38F600B27C3E /* 寻找满足条件的两个或多个数 */;
			productType = "com.apple.product-type.tool";
		};
/* End PBXNativeTarget section */

/* Begin PBXProject section */
		68E4A1561D0C38F600B27C3E /* Project object */ = {
			isa = PBXProject;
			attributes = {
				LastUpgradeCheck = 0720;
				ORGANIZATIONNAME = haoyun;
				TargetAttributes = {
					68E4A15D1D0C38F600B27C3E = {
						CreatedOnToolsVersion = 7.2;
					};
				};
			};
			buildConfigurationList = 68E4A1591D0C38F600B27C3E /* Build configuration list for PBXProject "寻找满足条件的两个或多个数" */;
			compatibilityVersion = "Xcode 3.2";
			developmentRegion = English;
			hasScannedForEncodings = 0;
			knownRegions = (
				en,
			);
			mainGroup = 68E4A1551D0C38F600B27C3E;
			productRefGroup = 68E4A15F1D0C38F600B27C3E /* Products */;
			projectDirPath = "";
			projectRoot = "";
			targets = (
				68E4A15D1D0C38F600B27C3E /* 寻找满足条件的两个或多个数 */,
			);
		};
/* End PBXProject section */

/* Begin PBXSourcesBuildPhase section */
		68E4A15A1D0C38F600B27C3E /* Sources */ = {
			isa = PBXSourcesBuildPhase;
			buildActionMask = 2147483647;
			files = (
				68E4A1621D0C38F700B27C3E /* main.c in Sources */,
			);
			runOnlyForDeploymentPostprocessing = 0;
		};
/* End PBXSourcesBuildPhase section */

/* Begin XCBuildConfiguration section */
		68E4A1631D0C38F700B27C3E /* Debug */ = {
			isa = XCBuildConfiguration;
			buildSettings = {
				ALWAYS_SEARCH_USER_PATHS = NO;
				CLANG_CXX_LANGUAGE_STANDARD = "gnu++0x";
				CLANG_CXX_LIBRARY = "libc++";
				CLANG_ENABLE_MODULES = YES;
				CLANG_ENABLE_OBJC_ARC = YES;
				CLANG_WARN_BOOL_CONVERSION = YES;
				CLANG_WARN_CONSTANT_CONVERSION = YES;
				CLANG_WARN_DIRECT_OBJC_ISA_USAGE = YES_ERROR;
				CLANG_WARN_EMPTY_BODY = YES;
				CLANG_WARN_ENUM_CONVERSION = YES;
				CLANG_WARN_INT_CONVERSION = YES;
				CLANG_WARN_OBJC_ROOT_CLASS = YES_ERROR;
				CLANG_WARN_UNREACHABLE_CODE = YES;
				CLANG_WARN__DUPLICATE_METHOD_MATCH = YES;
				CODE_SIGN_IDENTITY = "-";
				COPY_PHASE_STRIP = NO;
				DEBUG_INFORMATION_FORMAT = dwarf;
				ENABLE_STRICT_OBJC_MSGSEND = YES;
				ENABLE_TESTABILITY = YES;
				GCC_C_LANGUAGE_STANDARD = gnu99;
				GCC_DYNAMIC_NO_PIC = NO;
				GCC_NO_COMMON_BLOCKS = YES;
				GCC_OPTIMIZATION_LEVEL = 0;
				GCC_PREPROCESSOR_DEFINITIONS = (
					"DEBUG=1",
					"$(inherited)",
				);
				GCC_WARN_64_TO_32_BIT_CONVERSION = YES;
				GCC_WARN_ABOUT_RETURN_TYPE = YES_ERROR;
				GCC_WARN_UNDECLARED_SELECTOR = YES;
				GCC_WARN_UNINITIALIZED_AUTOS = YES_AGGRESSIVE;
				GCC_WARN_UNUSED_FUNCTION = YES;
				GCC_WARN_UNUSED_VARIABLE = YES;
				MACOSX_DEPLOYMENT_TARGET = 10.10;
				MTL_ENABLE_DEBUG_INFO = YES;
				ONLY_ACTIVE_ARCH = YES;
				SDKROOT = macosx;
			};
			name = Debug;
		};
		68E4A1641D0C38F700B27C3E /* Release */ = {
			isa = XCBuildConfiguration;
			buildSettings = {
				ALWAYS_SEARCH_USER_PATHS = NO;
				CLANG_CXX_LANGUAGE_STANDARD = "gnu++0x";
				CLANG_CXX_LIBRARY = "libc++";
				CLANG_ENABLE_MODULES = YES;
				CLANG_ENABLE_OBJC_ARC = YES;
				CLANG_WARN_BOOL_CONVERSION = YES;
				CLANG_WARN_CONSTANT_CONVERSION = YES;
				CLANG_WARN_DIRECT_OBJC_ISA_USAGE = YES_ERROR;
				CLANG_WARN_EMPTY_BODY = YES;
				CLANG_WARN_ENUM_CONVERSION = YES;
				CLANG_WARN_INT_CONVERSION = YES;
				CLANG_WARN_OBJC_ROOT_CLASS = YES_ERROR;
				CLANG_WARN_UNREACHABLE_CODE = YES;
				CLANG_WARN__DUPLICATE_METHOD_MATCH = YES;
				CODE_SIGN_IDENTITY = "-";
				COPY_PHASE_STRIP = NO;
				DEBUG_INFORMATION_FORMAT = "dwarf-with-dsym";
				ENABLE_NS_ASSERTIONS = NO;
				ENABLE_STRICT_OBJC_MSGSEND = YES;
				GCC_C_LANGUAGE_STANDARD = gnu99;
				GCC_NO_COMMON_BLOCKS = YES;
				GCC_WARN_64_TO_32_BIT_CONVERSION = YES;
				GCC_WARN_ABOUT_RETURN_TYPE = YES_ERROR;
				GCC_WARN_UNDECLARED_SELECTOR = YES;
				GCC_WARN_UNINITIALIZED_AUTOS = YES_AGGRESSIVE;
				GCC_WARN_UNUSED_FUNCTION = YES;
				GCC_WARN_UNUSED_VARIABLE = YES;
				MACOSX_DEPLOYMENT_TARGET = 10.10;
				MTL_ENABLE_DEBUG_INFO = NO;
				SDKROOT = macosx;
			};
			name = Release;
		};
		68E4A1661D0C38F700B27C3E /* Debug */ = {
			isa = XCBuildConfiguration;
			buildSettings = {
				PRODUCT_NAME = "$(TARGET_NAME)";
			};
			name = Debug;
		};
		68E4A1671D0C38F700B27C3E /* Release */ = {
			isa = XCBuildConfiguration;
			buildSettings = {
				PRODUCT_NAME = "$(TARGET_NAME)";
			};
			name = Release;
		};
/* End XCBuildConfiguration section */

/* Begin XCConfigurationList section */
		68E4A1591D0C38F600B27C3E /* Build configuration list for PBXProject "寻找满足条件的两个或多个数" */ = {
			isa = XCConfigurationList;
			buildConfigurations = (
				68E4A1631D0C38F700B27C3E /* Debug */,
				68E4A1641D0C38F700B27C3E /* Release */,
			);
			defaultConfigurationIsVisible = 0;
			defaultConfigurationName = Release;
		};
		68E4A1651D0C38F700B27C3E /* Build configuration list for PBXNativeTarget "寻找满足条件的两个或多个数" */ = {
			isa = XCConfigurationList;
			buildConfigurations = (
				68E4A1661D0C38F700B27C3E /* Debug */,
				68E4A1671D0C38F700B27C3E /* Release */,
			);
			defaultConfigurationIsVisible = 0;
		};
/* End XCConfigurationList section */
	};
	rootObject = 68E4A1561D0C38F600B27C3E /* Project object */;
}
