// !$*UTF8*$!
{
	archiveVersion = 1;
	classes = {
	};
	objectVersion = 46;
	objects = {

/* Begin PBXBuildFile section */
		68AEA1C71D07F71200E5D8BE /* main.c in Sources */ = {isa = PBXBuildFile; fileRef = 68AEA1C61D07F71200E5D8BE /* main.c */; };
/* End PBXBuildFile section */

/* Begin PBXCopyFilesBuildPhase section */
		68AEA1C11D07F71100E5D8BE /* CopyFiles */ = {
			isa = PBXCopyFilesBuildPhase;
			buildActionMask = 2147483647;
			dstPath = /usr/share/man/man1/;
			dstSubfolderSpec = 0;
			files = (
			);
			runOnlyForDeploymentPostprocessing = 1;
		};
/* End PBXCopyFilesBuildPhase section */

/* Begin PBXFileReference section */
		68AEA1C31D07F71100E5D8BE /* 求一个字符串的全排列 */ = {isa = PBXFileReference; explicitFileType = "compiled.mach-o.executable"; includeInIndex = 0; path = "求一个字符串的全排列"; sourceTree = BUILT_PRODUCTS_DIR; };
		68AEA1C61D07F71200E5D8BE /* main.c */ = {isa = PBXFileReference; lastKnownFileType = sourcecode.c.c; path = main.c; sourceTree = "<group>"; };
/* End PBXFileReference section */

/* Begin PBXFrameworksBuildPhase section */
		68AEA1C01D07F71100E5D8BE /* Frameworks */ = {
			isa = PBXFrameworksBuildPhase;
			buildActionMask = 2147483647;
			files = (
			);
			runOnlyForDeploymentPostprocessing = 0;
		};
/* End PBXFrameworksBuildPhase section */

/* Begin PBXGroup section */
		68AEA1BA1D07F71100E5D8BE = {
			isa = PBXGroup;
			children = (
				68AEA1C51D07F71100E5D8BE /* 求一个字符串的全排列 */,
				68AEA1C41D07F71100E5D8BE /* Products */,
			);
			sourceTree = "<group>";
		};
		68AEA1C41D07F71100E5D8BE /* Products */ = {
			isa = PBXGroup;
			children = (
				68AEA1C31D07F71100E5D8BE /* 求一个字符串的全排列 */,
			);
			name = Products;
			sourceTree = "<group>";
		};
		68AEA1C51D07F71100E5D8BE /* 求一个字符串的全排列 */ = {
			isa = PBXGroup;
			children = (
				68AEA1C61D07F71200E5D8BE /* main.c */,
			);
			path = "求一个字符串的全排列";
			sourceTree = "<group>";
		};
/* End PBXGroup section */

/* Begin PBXNativeTarget section */
		68AEA1C21D07F71100E5D8BE /* 求一个字符串的全排列 */ = {
			isa = PBXNativeTarget;
			buildConfigurationList = 68AEA1CA1D07F71200E5D8BE /* Build configuration list for PBXNativeTarget "求一个字符串的全排列" */;
			buildPhases = (
				68AEA1BF1D07F71100E5D8BE /* Sources */,
				68AEA1C01D07F71100E5D8BE /* Frameworks */,
				68AEA1C11D07F71100E5D8BE /* CopyFiles */,
			);
			buildRules = (
			);
			dependencies = (
			);
			name = "求一个字符串的全排列";
			productName = "求一个字符串的全排列";
			productReference = 68AEA1C31D07F71100E5D8BE /* 求一个字符串的全排列 */;
			productType = "com.apple.product-type.tool";
		};
/* End PBXNativeTarget section */

/* Begin PBXProject section */
		68AEA1BB1D07F71100E5D8BE /* Project object */ = {
			isa = PBXProject;
			attributes = {
				LastUpgradeCheck = 0720;
				ORGANIZATIONNAME = haoyun;
				TargetAttributes = {
					68AEA1C21D07F71100E5D8BE = {
						CreatedOnToolsVersion = 7.2;
					};
				};
			};
			buildConfigurationList = 68AEA1BE1D07F71100E5D8BE /* Build configuration list for PBXProject "求一个字符串的全排列" */;
			compatibilityVersion = "Xcode 3.2";
			developmentRegion = English;
			hasScannedForEncodings = 0;
			knownRegions = (
				en,
			);
			mainGroup = 68AEA1BA1D07F71100E5D8BE;
			productRefGroup = 68AEA1C41D07F71100E5D8BE /* Products */;
			projectDirPath = "";
			projectRoot = "";
			targets = (
				68AEA1C21D07F71100E5D8BE /* 求一个字符串的全排列 */,
			);
		};
/* End PBXProject section */

/* Begin PBXSourcesBuildPhase section */
		68AEA1BF1D07F71100E5D8BE /* Sources */ = {
			isa = PBXSourcesBuildPhase;
			buildActionMask = 2147483647;
			files = (
				68AEA1C71D07F71200E5D8BE /* main.c in Sources */,
			);
			runOnlyForDeploymentPostprocessing = 0;
		};
/* End PBXSourcesBuildPhase section */

/* Begin XCBuildConfiguration section */
		68AEA1C81D07F71200E5D8BE /* Debug */ = {
			isa = XCBuildConfiguration;
			buildSettings = {
				ALWAYS_SEARCH_USER_PATHS = NO;
				CLANG_CXX_LANGUAGE_STANDARD = "gnu++0x";
				CLANG_CXX_LIBRARY = "libc++";
				CLANG_ENABLE_MODULES = YES;
				CLANG_ENABLE_OBJC_ARC = YES;
				CLANG_WARN_BOOL_CONVERSION = YES;
				CLANG_WARN_CONSTANT_CONVERSION = YES;
				CLANG_WARN_DIRECT_OBJC_ISA_USAGE = YES_ERROR;
				CLANG_WARN_EMPTY_BODY = YES;
				CLANG_WARN_ENUM_CONVERSION = YES;
				CLANG_WARN_INT_CONVERSION = YES;
				CLANG_WARN_OBJC_ROOT_CLASS = YES_ERROR;
				CLANG_WARN_UNREACHABLE_CODE = YES;
				CLANG_WARN__DUPLICATE_METHOD_MATCH = YES;
				CODE_SIGN_IDENTITY = "-";
				COPY_PHASE_STRIP = NO;
				DEBUG_INFORMATION_FORMAT = dwarf;
				ENABLE_STRICT_OBJC_MSGSEND = YES;
				ENABLE_TESTABILITY = YES;
				GCC_C_LANGUAGE_STANDARD = gnu99;
				GCC_DYNAMIC_NO_PIC = NO;
				GCC_NO_COMMON_BLOCKS = YES;
				GCC_OPTIMIZATION_LEVEL = 0;
				GCC_PREPROCESSOR_DEFINITIONS = (
					"DEBUG=1",
					"$(inherited)",
				);
				GCC_WARN_64_TO_32_BIT_CONVERSION = YES;
				GCC_WARN_ABOUT_RETURN_TYPE = YES_ERROR;
				GCC_WARN_UNDECLARED_SELECTOR = YES;
				GCC_WARN_UNINITIALIZED_AUTOS = YES_AGGRESSIVE;
				GCC_WARN_UNUSED_FUNCTION = YES;
				GCC_WARN_UNUSED_VARIABLE = YES;
				MACOSX_DEPLOYMENT_TARGET = 10.10;
				MTL_ENABLE_DEBUG_INFO = YES;
				ONLY_ACTIVE_ARCH = YES;
				SDKROOT = macosx;
			};
			name = Debug;
		};
		68AEA1C91D07F71200E5D8BE /* Release */ = {
			isa = XCBuildConfiguration;
			buildSettings = {
				ALWAYS_SEARCH_USER_PATHS = NO;
				CLANG_CXX_LANGUAGE_STANDARD = "gnu++0x";
				CLANG_CXX_LIBRARY = "libc++";
				CLANG_ENABLE_MODULES = YES;
				CLANG_ENABLE_OBJC_ARC = YES;
				CLANG_WARN_BOOL_CONVERSION = YES;
				CLANG_WARN_CONSTANT_CONVERSION = YES;
				CLANG_WARN_DIRECT_OBJC_ISA_USAGE = YES_ERROR;
				CLANG_WARN_EMPTY_BODY = YES;
				CLANG_WARN_ENUM_CONVERSION = YES;
				CLANG_WARN_INT_CONVERSION = YES;
				CLANG_WARN_OBJC_ROOT_CLASS = YES_ERROR;
				CLANG_WARN_UNREACHABLE_CODE = YES;
				CLANG_WARN__DUPLICATE_METHOD_MATCH = YES;
				CODE_SIGN_IDENTITY = "-";
				COPY_PHASE_STRIP = NO;
				DEBUG_INFORMATION_FORMAT = "dwarf-with-dsym";
				ENABLE_NS_ASSERTIONS = NO;
				ENABLE_STRICT_OBJC_MSGSEND = YES;
				GCC_C_LANGUAGE_STANDARD = gnu99;
				GCC_NO_COMMON_BLOCKS = YES;
				GCC_WARN_64_TO_32_BIT_CONVERSION = YES;
				GCC_WARN_ABOUT_RETURN_TYPE = YES_ERROR;
				GCC_WARN_UNDECLARED_SELECTOR = YES;
				GCC_WARN_UNINITIALIZED_AUTOS = YES_AGGRESSIVE;
				GCC_WARN_UNUSED_FUNCTION = YES;
				GCC_WARN_UNUSED_VARIABLE = YES;
				MACOSX_DEPLOYMENT_TARGET = 10.10;
				MTL_ENABLE_DEBUG_INFO = NO;
				SDKROOT = macosx;
			};
			name = Release;
		};
		68AEA1CB1D07F71200E5D8BE /* Debug */ = {
			isa = XCBuildConfiguration;
			buildSettings = {
				PRODUCT_NAME = "$(TARGET_NAME)";
			};
			name = Debug;
		};
		68AEA1CC1D07F71200E5D8BE /* Release */ = {
			isa = XCBuildConfiguration;
			buildSettings = {
				PRODUCT_NAME = "$(TARGET_NAME)";
			};
			name = Release;
		};
/* End XCBuildConfiguration section */

/* Begin XCConfigurationList section */
		68AEA1BE1D07F71100E5D8BE /* Build configuration list for PBXProject "求一个字符串的全排列" */ = {
			isa = XCConfigurationList;
			buildConfigurations = (
				68AEA1C81D07F71200E5D8BE /* Debug */,
				68AEA1C91D07F71200E5D8BE /* Release */,
			);
			defaultConfigurationIsVisible = 0;
			defaultConfigurationName = Release;
		};
		68AEA1CA1D07F71200E5D8BE /* Build configuration list for PBXNativeTarget "求一个字符串的全排列" */ = {
			isa = XCConfigurationList;
			buildConfigurations = (
				68AEA1CB1D07F71200E5D8BE /* Debug */,
				68AEA1CC1D07F71200E5D8BE /* Release */,
			);
			defaultConfigurationIsVisible = 0;
		};
/* End XCConfigurationList section */
	};
	rootObject = 68AEA1BB1D07F71100E5D8BE /* Project object */;
}
